
Microsoft Visual Studio Solution File, Format Version 12.00
# Visual Studio Version 16
VisualStudioVersion = 16.0.28803.352
MinimumVisualStudioVersion = 10.0.40219.1
Project("{FAE04EC0-301F-11D3-BF4B-00C04F79EFBC}") = "LibraryLookup", "LibraryLookup.csproj", "{B169BF19-3836-48A5-91D6-B868839645DB}"
EndProject
Global
	GlobalSection(SolutionConfigurationPlatforms) = preSolution
		Debug|Any CPU = Debug|Any CPU
		Release|Any CPU = Release|Any CPU
	EndGlobalSection
	GlobalSection(ProjectConfigurationPlatforms) = postSolution
		{B169BF19-3836-48A5-91D6-B868839645DB}.Debug|Any CPU.ActiveCfg = Debug|Any CPU
		{B169BF19-3836-48A5-91D6-B868839645DB}.Debug|Any CPU.Build.0 = Debug|Any CPU
		{B169BF19-3836-48A5-91D6-B868839645DB}.Release|Any CPU.ActiveCfg = Release|Any CPU
		{B169BF19-3836-48A5-91D6-B868839645DB}.Release|Any CPU.Build.0 = Release|Any CPU
	EndGlobalSection
	GlobalSection(SolutionProperties) = preSolution
		HideSolutionNode = FALSE
	EndGlobalSection
	GlobalSection(ExtensibilityGlobals) = postSolution
		SolutionGuid = {CC45A8B8-BC96-487B-A40D-B4246AAB3630}
	EndGlobalSection
EndGlobal
